
Microsoft Visual Studio Solution File, Format Version 12.00
# Visual Studio 15
VisualStudioVersion = 15.0.28307.168
MinimumVisualStudioVersion = 10.0.40219.1
Project("{FAE04EC0-301F-11D3-BF4B-00C04F79EFBC}") = "Objects", "Objects\Objects.csproj", "{DFF96F54-54F5-49F7-AFB4-AE1B023FC434}"
EndProject
Project("{FAE04EC0-301F-11D3-BF4B-00C04F79EFBC}") = "ObjectsTest", "ObjectsTest\ObjectsTest.csproj", "{6A514168-7C32-4054-A185-C4646E7002A8}"
EndProject
Global
	GlobalSection(SolutionConfigurationPlatforms) = preSolution
		Debug|Any CPU = Debug|Any CPU
		Release|Any CPU = Release|Any CPU
	EndGlobalSection
	GlobalSection(ProjectConfigurationPlatforms) = postSolution
		{DFF96F54-54F5-49F7-AFB4-AE1B023FC434}.Debug|Any CPU.ActiveCfg = Debug|Any CPU
		{DFF96F54-54F5-49F7-AFB4-AE1B023FC434}.Debug|Any CPU.Build.0 = Debug|Any CPU
		{DFF96F54-54F5-49F7-AFB4-AE1B023FC434}.Release|Any CPU.ActiveCfg = Release|Any CPU
		{DFF96F54-54F5-49F7-AFB4-AE1B023FC434}.Release|Any CPU.Build.0 = Release|Any CPU
		{6A514168-7C32-4054-A185-C4646E7002A8}.Debug|Any CPU.ActiveCfg = Debug|Any CPU
		{6A514168-7C32-4054-A185-C4646E7002A8}.Debug|Any CPU.Build.0 = Debug|Any CPU
		{6A514168-7C32-4054-A185-C4646E7002A8}.Release|Any CPU.ActiveCfg = Release|Any CPU
		{6A514168-7C32-4054-A185-C4646E7002A8}.Release|Any CPU.Build.0 = Release|Any CPU
	EndGlobalSection
	GlobalSection(SolutionProperties) = preSolution
		HideSolutionNode = FALSE
	EndGlobalSection
	GlobalSection(ExtensibilityGlobals) = postSolution
		SolutionGuid = {6696BD02-4505-41CD-AF6D-BE4669D680A9}
	EndGlobalSection
EndGlobal
